
Microsoft Visual Studio Solution File, Format Version 12.00
# Visual Studio Version 17
VisualStudioVersion = 17.7.34031.279
MinimumVisualStudioVersion = 10.0.40219.1
Project("{FAE04EC0-301F-11D3-BF4B-00C04F79EFBC}") = "sınav soru 2 815", "sınav soru 2 815\sınav soru 2 815.csproj", "{C2F07A97-D912-4579-A26E-F6A5C18448DF}"
EndProject
Global
	GlobalSection(SolutionConfigurationPlatforms) = preSolution
		Debug|Any CPU = Debug|Any CPU
		Release|Any CPU = Release|Any CPU
	EndGlobalSection
	GlobalSection(ProjectConfigurationPlatforms) = postSolution
		{C2F07A97-D912-4579-A26E-F6A5C18448DF}.Debug|Any CPU.ActiveCfg = Debug|Any CPU
		{C2F07A97-D912-4579-A26E-F6A5C18448DF}.Debug|Any CPU.Build.0 = Debug|Any CPU
		{C2F07A97-D912-4579-A26E-F6A5C18448DF}.Release|Any CPU.ActiveCfg = Release|Any CPU
		{C2F07A97-D912-4579-A26E-F6A5C18448DF}.Release|Any CPU.Build.0 = Release|Any CPU
	EndGlobalSection
	GlobalSection(SolutionProperties) = preSolution
		HideSolutionNode = FALSE
	EndGlobalSection
	GlobalSection(ExtensibilityGlobals) = postSolution
		SolutionGuid = {CA807CD9-D972-44A1-8C81-BE2D5CAA2F13}
	EndGlobalSection
EndGlobal
